
Microsoft Visual Studio Solution File, Format Version 12.00
# Visual Studio Version 17
VisualStudioVersion = 17.4.33110.190
MinimumVisualStudioVersion = 10.0.40219.1
Project("{FAE04EC0-301F-11D3-BF4B-00C04F79EFBC}") = "Launchpad", "Launchpad\Launchpad.csproj", "{7486C596-4881-41BB-BD3C-D13DB39A380D}"
EndProject
Global
	GlobalSection(SolutionConfigurationPlatforms) = preSolution
		Debug|Any CPU = Debug|Any CPU
		Release|Any CPU = Release|Any CPU
	EndGlobalSection
	GlobalSection(ProjectConfigurationPlatforms) = postSolution
		{7486C596-4881-41BB-BD3C-D13DB39A380D}.Debug|Any CPU.ActiveCfg = Debug|Any CPU
		{7486C596-4881-41BB-BD3C-D13DB39A380D}.Debug|Any CPU.Build.0 = Debug|Any CPU
		{7486C596-4881-41BB-BD3C-D13DB39A380D}.Release|Any CPU.ActiveCfg = Release|Any CPU
		{7486C596-4881-41BB-BD3C-D13DB39A380D}.Release|Any CPU.Build.0 = Release|Any CPU
	EndGlobalSection
	GlobalSection(SolutionProperties) = preSolution
		HideSolutionNode = FALSE
	EndGlobalSection
	GlobalSection(ExtensibilityGlobals) = postSolution
		SolutionGuid = {EBE2D462-6247-4E40-8A91-C2F94DB6F0B5}
	EndGlobalSection
EndGlobal
